{
  "nodes": {
    "flake-utils": {
      "inputs": {
        "systems": "systems"
      },
      "locked": {
        "lastModified": 1705309234,
        "narHash": "sha256-uNRRNRKmJyCRC/8y1RqBkqWBLM034y4qN7EprSdmgyA=",
        "owner": "numtide",
        "repo": "flake-utils",
        "rev": "1ef2e671c3b0c19053962c07dbda38332dcebf26",
        "type": "github"
      },
      "original": {
        "id": "flake-utils",
        "type": "indirect"
      }
    },
    "flake-utils_2": {
      "inputs": {
        "systems": "systems_2"
      },
      "locked": {
        "lastModified": 1705309234,
        "narHash": "sha256-uNRRNRKmJyCRC/8y1RqBkqWBLM034y4qN7EprSdmgyA=",
        "owner": "numtide",
        "repo": "flake-utils",
        "rev": "1ef2e671c3b0c19053962c07dbda38332dcebf26",
        "type": "github"
      },
      "original": {
        "owner": "numtide",
        "repo": "flake-utils",
        "type": "github"
      }
    },
    "nixpkgs": {
      "locked": {
        "lastModified": 1705641746,
        "narHash": "sha256-D6c2aH8HQbWc7ZWSV0BUpFpd94ImFyCP8jFIsKQ4Slg=",
        "owner": "NixOS",
        "repo": "nixpkgs",
        "rev": "d2003f2223cbb8cd95134e4a0541beea215c1073",
        "type": "github"
      },
      "original": {
        "id": "nixpkgs",
        "type": "indirect"
      }
    },
    "nixpkgs_2": {
      "locked": {
        "lastModified": 1707786466,
        "narHash": "sha256-yLPfrmW87M2qt+8bAmwopJawa+MJLh3M9rUbXtpUc1o=",
        "owner": "NixOS",
        "repo": "nixpkgs",
        "rev": "01885a071465e223f8f68971f864b15829988504",
        "type": "github"
      },
      "original": {
        "owner": "NixOS",
        "ref": "nixos-23.11",
        "repo": "nixpkgs",
        "type": "github"
      }
    },
    "root": {
      "inputs": {
        "flake-utils": "flake-utils",
        "nixpkgs": "nixpkgs",
        "swyh-rs": "swyh-rs"
      }
    },
    "rust-overlay": {
      "inputs": {
        "flake-utils": [
          "swyh-rs",
          "flake-utils"
        ],
        "nixpkgs": [
          "swyh-rs",
          "nixpkgs"
        ]
      },
      "locked": {
        "lastModified": 1707963067,
        "narHash": "sha256-1vmNGzAIenei+keS8vIUNYVkEGwEwF+3FR7/bXU/r18=",
        "owner": "oxalica",
        "repo": "rust-overlay",
        "rev": "23f224428779539eb4dc13f6a77c97ffe4680d74",
        "type": "github"
      },
      "original": {
        "owner": "oxalica",
        "repo": "rust-overlay",
        "type": "github"
      }
    },
    "swyh-rs": {
      "inputs": {
        "flake-utils": "flake-utils_2",
        "nixpkgs": "nixpkgs_2",
        "rust-overlay": "rust-overlay"
      },
      "locked": {
        "lastModified": 1708974328,
        "narHash": "sha256-YnLwr2X+29qOoOMAQh0OhAEfgfgoEL3RX8lVpK4WMQ0=",
        "owner": "ein-shved",
        "repo": "swyh-rs",
        "rev": "afa492f4d932bf3bbddc584522754a084ab12673",
        "type": "github"
      },
      "original": {
        "owner": "ein-shved",
        "ref": "nix",
        "repo": "swyh-rs",
        "type": "github"
      }
    },
    "systems": {
      "locked": {
        "lastModified": 1681028828,
        "narHash": "sha256-Vy1rq5AaRuLzOxct8nz4T6wlgyUR7zLU309k9mBC768=",
        "owner": "nix-systems",
        "repo": "default",
        "rev": "da67096a3b9bf56a91d16901293e51ba5b49a27e",
        "type": "github"
      },
      "original": {
        "owner": "nix-systems",
        "repo": "default",
        "type": "github"
      }
    },
    "systems_2": {
      "locked": {
        "lastModified": 1681028828,
        "narHash": "sha256-Vy1rq5AaRuLzOxct8nz4T6wlgyUR7zLU309k9mBC768=",
        "owner": "nix-systems",
        "repo": "default",
        "rev": "da67096a3b9bf56a91d16901293e51ba5b49a27e",
        "type": "github"
      },
      "original": {
        "owner": "nix-systems",
        "repo": "default",
        "type": "github"
      }
    }
  },
  "root": "root",
  "version": 7
}
